// !$*UTF8*$!
{
	archiveVersion = 1;
	classes = {
	};
	objectVersion = 46;
	objects = {

/* Begin PBXBuildFile section */
		8A9429881A81B2240013FA26 /* ItemDetailViewController.m in Sources */ = {isa = PBXBuildFile; fileRef = 8A9429871A81B2240013FA26 /* ItemDetailViewController.m */; };
		8ABB100D1A816FE900074B49 /* main.m in Sources */ = {isa = PBXBuildFile; fileRef = 8ABB100C1A816FE900074B49 /* main.m */; };
		8ABB10101A816FE900074B49 /* AppDelegate.m in Sources */ = {isa = PBXBuildFile; fileRef = 8ABB100F1A816FE900074B49 /* AppDelegate.m */; };
		8ABB10131A816FE900074B49 /* CoreData.xcdatamodeld in Sources */ = {isa = PBXBuildFile; fileRef = 8ABB10111A816FE900074B49 /* CoreData.xcdatamodeld */; };
		8ABB10191A816FE900074B49 /* Main.storyboard in Resources */ = {isa = PBXBuildFile; fileRef = 8ABB10171A816FE900074B49 /* Main.storyboard */; };
		8ABB101B1A816FE900074B49 /* Images.xcassets in Resources */ = {isa = PBXBuildFile; fileRef = 8ABB101A1A816FE900074B49 /* Images.xcassets */; };
		8ABB101E1A816FE900074B49 /* LaunchScreen.xib in Resources */ = {isa = PBXBuildFile; fileRef = 8ABB101C1A816FE900074B49 /* LaunchScreen.xib */; };
		8ABB102A1A816FE900074B49 /* CoreDataTests.m in Sources */ = {isa = PBXBuildFile; fileRef = 8ABB10291A816FE900074B49 /* CoreDataTests.m */; };
		8ABB10381A817BAE00074B49 /* MainTableViewController.m in Sources */ = {isa = PBXBuildFile; fileRef = 8ABB10371A817BAE00074B49 /* MainTableViewController.m */; };
		8ABB103B1A817BDC00074B49 /* DetailViewController.m in Sources */ = {isa = PBXBuildFile; fileRef = 8ABB103A1A817BDC00074B49 /* DetailViewController.m */; };
		8AE036731A81C91B00680D57 /* Item.m in Sources */ = {isa = PBXBuildFile; fileRef = 8AE036721A81C91B00680D57 /* Item.m */; };
/* End PBXBuildFile section */

/* Begin PBXContainerItemProxy section */
		8ABB10241A816FE900074B49 /* PBXContainerItemProxy */ = {
			isa = PBXContainerItemProxy;
			containerPortal = 8ABB0FFF1A816FE900074B49 /* Project object */;
			proxyType = 1;
			remoteGlobalIDString = 8ABB10061A816FE900074B49;
			remoteInfo = CoreData;
		};
/* End PBXContainerItemProxy section */

/* Begin PBXFileReference section */
		8A9429861A81B2240013FA26 /* ItemDetailViewController.h */ = {isa = PBXFileReference; fileEncoding = 4; lastKnownFileType = sourcecode.c.h; name = ItemDetailViewController.h; path = ../ItemDetailViewController.h; sourceTree = "<group>"; };
		8A9429871A81B2240013FA26 /* ItemDetailViewController.m */ = {isa = PBXFileReference; fileEncoding = 4; lastKnownFileType = sourcecode.c.objc; name = ItemDetailViewController.m; path = ../ItemDetailViewController.m; sourceTree = "<group>"; };
		8ABB10071A816FE900074B49 /* CoreData.app */ = {isa = PBXFileReference; explicitFileType = wrapper.application; includeInIndex = 0; path = CoreData.app; sourceTree = BUILT_PRODUCTS_DIR; };
		8ABB100B1A816FE900074B49 /* Info.plist */ = {isa = PBXFileReference; lastKnownFileType = text.plist.xml; path = Info.plist; sourceTree = "<group>"; };
		8ABB100C1A816FE900074B49 /* main.m */ = {isa = PBXFileReference; lastKnownFileType = sourcecode.c.objc; path = main.m; sourceTree = "<group>"; };
		8ABB100E1A816FE900074B49 /* AppDelegate.h */ = {isa = PBXFileReference; lastKnownFileType = sourcecode.c.h; path = AppDelegate.h; sourceTree = "<group>"; };
		8ABB100F1A816FE900074B49 /* AppDelegate.m */ = {isa = PBXFileReference; lastKnownFileType = sourcecode.c.objc; path = AppDelegate.m; sourceTree = "<group>"; };
		8ABB10121A816FE900074B49 /* CoreData.xcdatamodel */ = {isa = PBXFileReference; lastKnownFileType = wrapper.xcdatamodel; path = CoreData.xcdatamodel; sourceTree = "<group>"; };
		8ABB10181A816FE900074B49 /* Base */ = {isa = PBXFileReference; lastKnownFileType = file.storyboard; name = Base; path = Base.lproj/Main.storyboard; sourceTree = "<group>"; };
		8ABB101A1A816FE900074B49 /* Images.xcassets */ = {isa = PBXFileReference; lastKnownFileType = folder.assetcatalog; path = Images.xcassets; sourceTree = "<group>"; };
		8ABB101D1A816FE900074B49 /* Base */ = {isa = PBXFileReference; lastKnownFileType = file.xib; name = Base; path = Base.lproj/LaunchScreen.xib; sourceTree = "<group>"; };
		8ABB10231A816FE900074B49 /* CoreDataTests.xctest */ = {isa = PBXFileReference; explicitFileType = wrapper.cfbundle; includeInIndex = 0; path = CoreDataTests.xctest; sourceTree = BUILT_PRODUCTS_DIR; };
		8ABB10281A816FE900074B49 /* Info.plist */ = {isa = PBXFileReference; lastKnownFileType = text.plist.xml; path = Info.plist; sourceTree = "<group>"; };
		8ABB10291A816FE900074B49 /* CoreDataTests.m */ = {isa = PBXFileReference; lastKnownFileType = sourcecode.c.objc; path = CoreDataTests.m; sourceTree = "<group>"; };
		8ABB10361A817BAE00074B49 /* MainTableViewController.h */ = {isa = PBXFileReference; fileEncoding = 4; lastKnownFileType = sourcecode.c.h; name = MainTableViewController.h; path = ../MainTableViewController.h; sourceTree = "<group>"; };
		8ABB10371A817BAE00074B49 /* MainTableViewController.m */ = {isa = PBXFileReference; fileEncoding = 4; lastKnownFileType = sourcecode.c.objc; name = MainTableViewController.m; path = ../MainTableViewController.m; sourceTree = "<group>"; };
		8ABB10391A817BDC00074B49 /* DetailViewController.h */ = {isa = PBXFileReference; fileEncoding = 4; lastKnownFileType = sourcecode.c.h; name = DetailViewController.h; path = ../DetailViewController.h; sourceTree = "<group>"; };
		8ABB103A1A817BDC00074B49 /* DetailViewController.m */ = {isa = PBXFileReference; fileEncoding = 4; lastKnownFileType = sourcecode.c.objc; name = DetailViewController.m; path = ../DetailViewController.m; sourceTree = "<group>"; };
		8AE036711A81C91B00680D57 /* Item.h */ = {isa = PBXFileReference; fileEncoding = 4; lastKnownFileType = sourcecode.c.h; path = Item.h; sourceTree = "<group>"; };
		8AE036721A81C91B00680D57 /* Item.m */ = {isa = PBXFileReference; fileEncoding = 4; lastKnownFileType = sourcecode.c.objc; path = Item.m; sourceTree = "<group>"; };
/* End PBXFileReference section */

/* Begin PBXFrameworksBuildPhase section */
		8ABB10041A816FE900074B49 /* Frameworks */ = {
			isa = PBXFrameworksBuildPhase;
			buildActionMask = 2147483647;
			files = (
			);
			runOnlyForDeploymentPostprocessing = 0;
		};
		8ABB10201A816FE900074B49 /* Frameworks */ = {
			isa = PBXFrameworksBuildPhase;
			buildActionMask = 2147483647;
			files = (
			);
			runOnlyForDeploymentPostprocessing = 0;
		};
/* End PBXFrameworksBuildPhase section */

/* Begin PBXGroup section */
		8ABB0FFE1A816FE900074B49 = {
			isa = PBXGroup;
			children = (
				8ABB10091A816FE900074B49 /* CoreData */,
				8ABB10261A816FE900074B49 /* CoreDataTests */,
				8ABB10081A816FE900074B49 /* Products */,
			);
			sourceTree = "<group>";
		};
		8ABB10081A816FE900074B49 /* Products */ = {
			isa = PBXGroup;
			children = (
				8ABB10071A816FE900074B49 /* CoreData.app */,
				8ABB10231A816FE900074B49 /* CoreDataTests.xctest */,
			);
			name = Products;
			sourceTree = "<group>";
		};
		8ABB10091A816FE900074B49 /* CoreData */ = {
			isa = PBXGroup;
			children = (
				8ABB10171A816FE900074B49 /* Main.storyboard */,
				8ABB100E1A816FE900074B49 /* AppDelegate.h */,
				8ABB100F1A816FE900074B49 /* AppDelegate.m */,
				8ABB10361A817BAE00074B49 /* MainTableViewController.h */,
				8ABB10371A817BAE00074B49 /* MainTableViewController.m */,
				8ABB10391A817BDC00074B49 /* DetailViewController.h */,
				8ABB103A1A817BDC00074B49 /* DetailViewController.m */,
				8A9429861A81B2240013FA26 /* ItemDetailViewController.h */,
				8A9429871A81B2240013FA26 /* ItemDetailViewController.m */,
				8ABB10111A816FE900074B49 /* CoreData.xcdatamodeld */,
				8AE036711A81C91B00680D57 /* Item.h */,
				8AE036721A81C91B00680D57 /* Item.m */,
				8ABB100A1A816FE900074B49 /* Supporting Files */,
			);
			path = CoreData;
			sourceTree = "<group>";
		};
		8ABB100A1A816FE900074B49 /* Supporting Files */ = {
			isa = PBXGroup;
			children = (
				8ABB101A1A816FE900074B49 /* Images.xcassets */,
				8ABB101C1A816FE900074B49 /* LaunchScreen.xib */,
				8ABB100B1A816FE900074B49 /* Info.plist */,
				8ABB100C1A816FE900074B49 /* main.m */,
			);
			name = "Supporting Files";
			sourceTree = "<group>";
		};
		8ABB10261A816FE900074B49 /* CoreDataTests */ = {
			isa = PBXGroup;
			children = (
				8ABB10291A816FE900074B49 /* CoreDataTests.m */,
				8ABB10271A816FE900074B49 /* Supporting Files */,
			);
			path = CoreDataTests;
			sourceTree = "<group>";
		};
		8ABB10271A816FE900074B49 /* Supporting Files */ = {
			isa = PBXGroup;
			children = (
				8ABB10281A816FE900074B49 /* Info.plist */,
			);
			name = "Supporting Files";
			sourceTree = "<group>";
		};
/* End PBXGroup section */

/* Begin PBXNativeTarget section */
		8ABB10061A816FE900074B49 /* CoreData */ = {
			isa = PBXNativeTarget;
			buildConfigurationList = 8ABB102D1A816FE900074B49 /* Build configuration list for PBXNativeTarget "CoreData" */;
			buildPhases = (
				8ABB10031A816FE900074B49 /* Sources */,
				8ABB10041A816FE900074B49 /* Frameworks */,
				8ABB10051A816FE900074B49 /* Resources */,
			);
			buildRules = (
			);
			dependencies = (
			);
			name = CoreData;
			productName = CoreData;
			productReference = 8ABB10071A816FE900074B49 /* CoreData.app */;
			productType = "com.apple.product-type.application";
		};
		8ABB10221A816FE900074B49 /* CoreDataTests */ = {
			isa = PBXNativeTarget;
			buildConfigurationList = 8ABB10301A816FE900074B49 /* Build configuration list for PBXNativeTarget "CoreDataTests" */;
			buildPhases = (
				8ABB101F1A816FE900074B49 /* Sources */,
				8ABB10201A816FE900074B49 /* Frameworks */,
				8ABB10211A816FE900074B49 /* Resources */,
			);
			buildRules = (
			);
			dependencies = (
				8ABB10251A816FE900074B49 /* PBXTargetDependency */,
			);
			name = CoreDataTests;
			productName = CoreDataTests;
			productReference = 8ABB10231A816FE900074B49 /* CoreDataTests.xctest */;
			productType = "com.apple.product-type.bundle.unit-test";
		};
/* End PBXNativeTarget section */

/* Begin PBXProject section */
		8ABB0FFF1A816FE900074B49 /* Project object */ = {
			isa = PBXProject;
			attributes = {
				LastUpgradeCheck = 0620;
				ORGANIZATIONNAME = "David Manuntag";
				TargetAttributes = {
					8ABB10061A816FE900074B49 = {
						CreatedOnToolsVersion = 6.2;
					};
					8ABB10221A816FE900074B49 = {
						CreatedOnToolsVersion = 6.2;
						TestTargetID = 8ABB10061A816FE900074B49;
					};
				};
			};
			buildConfigurationList = 8ABB10021A816FE900074B49 /* Build configuration list for PBXProject "CoreData" */;
			compatibilityVersion = "Xcode 3.2";
			developmentRegion = English;
			hasScannedForEncodings = 0;
			knownRegions = (
				en,
				Base,
			);
			mainGroup = 8ABB0FFE1A816FE900074B49;
			productRefGroup = 8ABB10081A816FE900074B49 /* Products */;
			projectDirPath = "";
			projectRoot = "";
			targets = (
				8ABB10061A816FE900074B49 /* CoreData */,
				8ABB10221A816FE900074B49 /* CoreDataTests */,
			);
		};
/* End PBXProject section */

/* Begin PBXResourcesBuildPhase section */
		8ABB10051A816FE900074B49 /* Resources */ = {
			isa = PBXResourcesBuildPhase;
			buildActionMask = 2147483647;
			files = (
				8ABB10191A816FE900074B49 /* Main.storyboard in Resources */,
				8ABB101E1A816FE900074B49 /* LaunchScreen.xib in Resources */,
				8ABB101B1A816FE900074B49 /* Images.xcassets in Resources */,
			);
			runOnlyForDeploymentPostprocessing = 0;
		};
		8ABB10211A816FE900074B49 /* Resources */ = {
			isa = PBXResourcesBuildPhase;
			buildActionMask = 2147483647;
			files = (
			);
			runOnlyForDeploymentPostprocessing = 0;
		};
/* End PBXResourcesBuildPhase section */

/* Begin PBXSourcesBuildPhase section */
		8ABB10031A816FE900074B49 /* Sources */ = {
			isa = PBXSourcesBuildPhase;
			buildActionMask = 2147483647;
			files = (
				8ABB103B1A817BDC00074B49 /* DetailViewController.m in Sources */,
				8ABB10381A817BAE00074B49 /* MainTableViewController.m in Sources */,
				8ABB10101A816FE900074B49 /* AppDelegate.m in Sources */,
				8ABB100D1A816FE900074B49 /* main.m in Sources */,
				8A9429881A81B2240013FA26 /* ItemDetailViewController.m in Sources */,
				8AE036731A81C91B00680D57 /* Item.m in Sources */,
				8ABB10131A816FE900074B49 /* CoreData.xcdatamodeld in Sources */,
			);
			runOnlyForDeploymentPostprocessing = 0;
		};
		8ABB101F1A816FE900074B49 /* Sources */ = {
			isa = PBXSourcesBuildPhase;
			buildActionMask = 2147483647;
			files = (
				8ABB102A1A816FE900074B49 /* CoreDataTests.m in Sources */,
			);
			runOnlyForDeploymentPostprocessing = 0;
		};
/* End PBXSourcesBuildPhase section */

/* Begin PBXTargetDependency section */
		8ABB10251A816FE900074B49 /* PBXTargetDependency */ = {
			isa = PBXTargetDependency;
			target = 8ABB10061A816FE900074B49 /* CoreData */;
			targetProxy = 8ABB10241A816FE900074B49 /* PBXContainerItemProxy */;
		};
/* End PBXTargetDependency section */

/* Begin PBXVariantGroup section */
		8ABB10171A816FE900074B49 /* Main.storyboard */ = {
			isa = PBXVariantGroup;
			children = (
				8ABB10181A816FE900074B49 /* Base */,
			);
			name = Main.storyboard;
			sourceTree = "<group>";
		};
		8ABB101C1A816FE900074B49 /* LaunchScreen.xib */ = {
			isa = PBXVariantGroup;
			children = (
				8ABB101D1A816FE900074B49 /* Base */,
			);
			name = LaunchScreen.xib;
			sourceTree = "<group>";
		};
/* End PBXVariantGroup section */

/* Begin XCBuildConfiguration section */
		8ABB102B1A816FE900074B49 /* Debug */ = {
			isa = XCBuildConfiguration;
			buildSettings = {
				ALWAYS_SEARCH_USER_PATHS = NO;
				CLANG_CXX_LANGUAGE_STANDARD = "gnu++0x";
				CLANG_CXX_LIBRARY = "libc++";
				CLANG_ENABLE_MODULES = YES;
				CLANG_ENABLE_OBJC_ARC = YES;
				CLANG_WARN_BOOL_CONVERSION = YES;
				CLANG_WARN_CONSTANT_CONVERSION = YES;
				CLANG_WARN_DIRECT_OBJC_ISA_USAGE = YES_ERROR;
				CLANG_WARN_EMPTY_BODY = YES;
				CLANG_WARN_ENUM_CONVERSION = YES;
				CLANG_WARN_INT_CONVERSION = YES;
				CLANG_WARN_OBJC_ROOT_CLASS = YES_ERROR;
				CLANG_WARN_UNREACHABLE_CODE = YES;
				CLANG_WARN__DUPLICATE_METHOD_MATCH = YES;
				"CODE_SIGN_IDENTITY[sdk=iphoneos*]" = "iPhone Developer";
				COPY_PHASE_STRIP = NO;
				ENABLE_STRICT_OBJC_MSGSEND = YES;
				GCC_C_LANGUAGE_STANDARD = gnu99;
				GCC_DYNAMIC_NO_PIC = NO;
				GCC_OPTIMIZATION_LEVEL = 0;
				GCC_PREPROCESSOR_DEFINITIONS = (
					"DEBUG=1",
					"$(inherited)",
				);
				GCC_SYMBOLS_PRIVATE_EXTERN = NO;
				GCC_WARN_64_TO_32_BIT_CONVERSION = YES;
				GCC_WARN_ABOUT_RETURN_TYPE = YES_ERROR;
				GCC_WARN_UNDECLARED_SELECTOR = YES;
				GCC_WARN_UNINITIALIZED_AUTOS = YES_AGGRESSIVE;
				GCC_WARN_UNUSED_FUNCTION = YES;
				GCC_WARN_UNUSED_VARIABLE = YES;
				IPHONEOS_DEPLOYMENT_TARGET = 8.2;
				MTL_ENABLE_DEBUG_INFO = YES;
				ONLY_ACTIVE_ARCH = YES;
				SDKROOT = iphoneos;
			};
			name = Debug;
		};
		8ABB102C1A816FE900074B49 /* Release */ = {
			isa = XCBuildConfiguration;
			buildSettings = {
				ALWAYS_SEARCH_USER_PATHS = NO;
				CLANG_CXX_LANGUAGE_STANDARD = "gnu++0x";
				CLANG_CXX_LIBRARY = "libc++";
				CLANG_ENABLE_MODULES = YES;
				CLANG_ENABLE_OBJC_ARC = YES;
				CLANG_WARN_BOOL_CONVERSION = YES;
				CLANG_WARN_CONSTANT_CONVERSION = YES;
				CLANG_WARN_DIRECT_OBJC_ISA_USAGE = YES_ERROR;
				CLANG_WARN_EMPTY_BODY = YES;
				CLANG_WARN_ENUM_CONVERSION = YES;
				CLANG_WARN_INT_CONVERSION = YES;
				CLANG_WARN_OBJC_ROOT_CLASS = YES_ERROR;
				CLANG_WARN_UNREACHABLE_CODE = YES;
				CLANG_WARN__DUPLICATE_METHOD_MATCH = YES;
				"CODE_SIGN_IDENTITY[sdk=iphoneos*]" = "iPhone Developer";
				COPY_PHASE_STRIP = YES;
				ENABLE_NS_ASSERTIONS = NO;
				ENABLE_STRICT_OBJC_MSGSEND = YES;
				GCC_C_LANGUAGE_STANDARD = gnu99;
				GCC_WARN_64_TO_32_BIT_CONVERSION = YES;
				GCC_WARN_ABOUT_RETURN_TYPE = YES_ERROR;
				GCC_WARN_UNDECLARED_SELECTOR = YES;
				GCC_WARN_UNINITIALIZED_AUTOS = YES_AGGRESSIVE;
				GCC_WARN_UNUSED_FUNCTION = YES;
				GCC_WARN_UNUSED_VARIABLE = YES;
				IPHONEOS_DEPLOYMENT_TARGET = 8.2;
				MTL_ENABLE_DEBUG_INFO = NO;
				SDKROOT = iphoneos;
				VALIDATE_PRODUCT = YES;
			};
			name = Release;
		};
		8ABB102E1A816FE900074B49 /* Debug */ = {
			isa = XCBuildConfiguration;
			buildSettings = {
				ASSETCATALOG_COMPILER_APPICON_NAME = AppIcon;
				INFOPLIST_FILE = CoreData/Info.plist;
				LD_RUNPATH_SEARCH_PATHS = "$(inherited) @executable_path/Frameworks";
				PRODUCT_NAME = "$(TARGET_NAME)";
			};
			name = Debug;
		};
		8ABB102F1A816FE900074B49 /* Release */ = {
			isa = XCBuildConfiguration;
			buildSettings = {
				ASSETCATALOG_COMPILER_APPICON_NAME = AppIcon;
				INFOPLIST_FILE = CoreData/Info.plist;
				LD_RUNPATH_SEARCH_PATHS = "$(inherited) @executable_path/Frameworks";
				PRODUCT_NAME = "$(TARGET_NAME)";
			};
			name = Release;
		};
		8ABB10311A816FE900074B49 /* Debug */ = {
			isa = XCBuildConfiguration;
			buildSettings = {
				BUNDLE_LOADER = "$(TEST_HOST)";
				FRAMEWORK_SEARCH_PATHS = (
					"$(SDKROOT)/Developer/Library/Frameworks",
					"$(inherited)",
				);
				GCC_PREPROCESSOR_DEFINITIONS = (
					"DEBUG=1",
					"$(inherited)",
				);
				INFOPLIST_FILE = CoreDataTests/Info.plist;
				LD_RUNPATH_SEARCH_PATHS = "$(inherited) @executable_path/Frameworks @loader_path/Frameworks";
				PRODUCT_NAME = "$(TARGET_NAME)";
				TEST_HOST = "$(BUILT_PRODUCTS_DIR)/CoreData.app/CoreData";
			};
			name = Debug;
		};
		8ABB10321A816FE900074B49 /* Release */ = {
			isa = XCBuildConfiguration;
			buildSettings = {
				BUNDLE_LOADER = "$(TEST_HOST)";
				FRAMEWORK_SEARCH_PATHS = (
					"$(SDKROOT)/Developer/Library/Frameworks",
					"$(inherited)",
				);
				INFOPLIST_FILE = CoreDataTests/Info.plist;
				LD_RUNPATH_SEARCH_PATHS = "$(inherited) @executable_path/Frameworks @loader_path/Frameworks";
				PRODUCT_NAME = "$(TARGET_NAME)";
				TEST_HOST = "$(BUILT_PRODUCTS_DIR)/CoreData.app/CoreData";
			};
			name = Release;
		};
/* End XCBuildConfiguration section */

/* Begin XCConfigurationList section */
		8ABB10021A816FE900074B49 /* Build configuration list for PBXProject "CoreData" */ = {
			isa = XCConfigurationList;
			buildConfigurations = (
				8ABB102B1A816FE900074B49 /* Debug */,
				8ABB102C1A816FE900074B49 /* Release */,
			);
			defaultConfigurationIsVisible = 0;
			defaultConfigurationName = Release;
		};
		8ABB102D1A816FE900074B49 /* Build configuration list for PBXNativeTarget "CoreData" */ = {
			isa = XCConfigurationList;
			buildConfigurations = (
				8ABB102E1A816FE900074B49 /* Debug */,
				8ABB102F1A816FE900074B49 /* Release */,
			);
			defaultConfigurationIsVisible = 0;
			defaultConfigurationName = Release;
		};
		8ABB10301A816FE900074B49 /* Build configuration list for PBXNativeTarget "CoreDataTests" */ = {
			isa = XCConfigurationList;
			buildConfigurations = (
				8ABB10311A816FE900074B49 /* Debug */,
				8ABB10321A816FE900074B49 /* Release */,
			);
			defaultConfigurationIsVisible = 0;
			defaultConfigurationName = Release;
		};
/* End XCConfigurationList section */

/* Begin XCVersionGroup section */
		8ABB10111A816FE900074B49 /* CoreData.xcdatamodeld */ = {
			isa = XCVersionGroup;
			children = (
				8ABB10121A816FE900074B49 /* CoreData.xcdatamodel */,
			);
			currentVersion = 8ABB10121A816FE900074B49 /* CoreData.xcdatamodel */;
			path = CoreData.xcdatamodeld;
			sourceTree = "<group>";
			versionGroupType = wrapper.xcdatamodel;
		};
/* End XCVersionGroup section */
	};
	rootObject = 8ABB0FFF1A816FE900074B49 /* Project object */;
}
